// !$*UTF8*$!
{
	archiveVersion = 1;
	classes = {
	};
	objectVersion = 50;
	objects = {

/* Begin PBXBuildFile section */
		3F4527DA21C781FC00FE9991 /* AppDelegate.swift in Sources */ = {isa = PBXBuildFile; fileRef = 3F4527D921C781FC00FE9991 /* AppDelegate.swift */; };
		3F4527DC21C781FC00FE9991 /* ViewController.swift in Sources */ = {isa = PBXBuildFile; fileRef = 3F4527DB21C781FC00FE9991 /* ViewController.swift */; };
		3F4527DF21C781FC00FE9991 /* Main.storyboard in Resources */ = {isa = PBXBuildFile; fileRef = 3F4527DD21C781FC00FE9991 /* Main.storyboard */; };
		3F4527E121C781FD00FE9991 /* Assets.xcassets in Resources */ = {isa = PBXBuildFile; fileRef = 3F4527E021C781FD00FE9991 /* Assets.xcassets */; };
		3F4527E421C781FD00FE9991 /* LaunchScreen.storyboard in Resources */ = {isa = PBXBuildFile; fileRef = 3F4527E221C781FD00FE9991 /* LaunchScreen.storyboard */; };
		3F4527EC21C7858400FE9991 /* SQLiteBase.swift in Sources */ = {isa = PBXBuildFile; fileRef = 3F4527EB21C7858400FE9991 /* SQLiteBase.swift */; };
		3F4527EE21C7859C00FE9991 /* SQLiteDB.swift in Sources */ = {isa = PBXBuildFile; fileRef = 3F4527ED21C7859C00FE9991 /* SQLiteDB.swift */; };
		3F4527F021C785A300FE9991 /* SQLTable.swift in Sources */ = {isa = PBXBuildFile; fileRef = 3F4527EF21C785A300FE9991 /* SQLTable.swift */; };
		3F4527F221C785A900FE9991 /* CloudDB.swift in Sources */ = {isa = PBXBuildFile; fileRef = 3F4527F121C785A900FE9991 /* CloudDB.swift */; };
		3F4527F621C789B500FE9991 /* data.db in Resources */ = {isa = PBXBuildFile; fileRef = 3F4527F521C789B500FE9991 /* data.db */; };
/* End PBXBuildFile section */

/* Begin PBXFileReference section */
		3F4527D621C781FC00FE9991 /* 作业十二-1.app */ = {isa = PBXFileReference; explicitFileType = wrapper.application; includeInIndex = 0; path = "作业十二-1.app"; sourceTree = BUILT_PRODUCTS_DIR; };
		3F4527D921C781FC00FE9991 /* AppDelegate.swift */ = {isa = PBXFileReference; lastKnownFileType = sourcecode.swift; path = AppDelegate.swift; sourceTree = "<group>"; };
		3F4527DB21C781FC00FE9991 /* ViewController.swift */ = {isa = PBXFileReference; lastKnownFileType = sourcecode.swift; path = ViewController.swift; sourceTree = "<group>"; };
		3F4527DE21C781FC00FE9991 /* Base */ = {isa = PBXFileReference; lastKnownFileType = file.storyboard; name = Base; path = Base.lproj/Main.storyboard; sourceTree = "<group>"; };
		3F4527E021C781FD00FE9991 /* Assets.xcassets */ = {isa = PBXFileReference; lastKnownFileType = folder.assetcatalog; path = Assets.xcassets; sourceTree = "<group>"; };
		3F4527E321C781FD00FE9991 /* Base */ = {isa = PBXFileReference; lastKnownFileType = file.storyboard; name = Base; path = Base.lproj/LaunchScreen.storyboard; sourceTree = "<group>"; };
		3F4527E521C781FD00FE9991 /* Info.plist */ = {isa = PBXFileReference; lastKnownFileType = text.plist.xml; path = Info.plist; sourceTree = "<group>"; };
		3F4527EB21C7858400FE9991 /* SQLiteBase.swift */ = {isa = PBXFileReference; fileEncoding = 4; lastKnownFileType = sourcecode.swift; path = SQLiteBase.swift; sourceTree = "<group>"; };
		3F4527ED21C7859C00FE9991 /* SQLiteDB.swift */ = {isa = PBXFileReference; fileEncoding = 4; lastKnownFileType = sourcecode.swift; path = SQLiteDB.swift; sourceTree = "<group>"; };
		3F4527EF21C785A300FE9991 /* SQLTable.swift */ = {isa = PBXFileReference; fileEncoding = 4; lastKnownFileType = sourcecode.swift; path = SQLTable.swift; sourceTree = "<group>"; };
		3F4527F121C785A900FE9991 /* CloudDB.swift */ = {isa = PBXFileReference; fileEncoding = 4; lastKnownFileType = sourcecode.swift; path = CloudDB.swift; sourceTree = "<group>"; };
		3F4527F321C785AF00FE9991 /* Bridging-Header.h */ = {isa = PBXFileReference; lastKnownFileType = sourcecode.c.h; path = "Bridging-Header.h"; sourceTree = "<group>"; };
		3F4527F521C789B500FE9991 /* data.db */ = {isa = PBXFileReference; fileEncoding = 4; lastKnownFileType = text; path = data.db; sourceTree = "<group>"; };
/* End PBXFileReference section */

/* Begin PBXFrameworksBuildPhase section */
		3F4527D321C781FC00FE9991 /* Frameworks */ = {
			isa = PBXFrameworksBuildPhase;
			buildActionMask = 2147483647;
			files = (
			);
			runOnlyForDeploymentPostprocessing = 0;
		};
/* End PBXFrameworksBuildPhase section */

/* Begin PBXGroup section */
		3F4527CD21C781FC00FE9991 = {
			isa = PBXGroup;
			children = (
				3F4527D821C781FC00FE9991 /* 作业十二-1 */,
				3F4527D721C781FC00FE9991 /* Products */,
			);
			sourceTree = "<group>";
		};
		3F4527D721C781FC00FE9991 /* Products */ = {
			isa = PBXGroup;
			children = (
				3F4527D621C781FC00FE9991 /* 作业十二-1.app */,
			);
			name = Products;
			sourceTree = "<group>";
		};
		3F4527D821C781FC00FE9991 /* 作业十二-1 */ = {
			isa = PBXGroup;
			children = (
				3F4527F421C7861D00FE9991 /* DB */,
				3F4527D921C781FC00FE9991 /* AppDelegate.swift */,
				3F4527DB21C781FC00FE9991 /* ViewController.swift */,
				3F4527DD21C781FC00FE9991 /* Main.storyboard */,
				3F4527E021C781FD00FE9991 /* Assets.xcassets */,
				3F4527E221C781FD00FE9991 /* LaunchScreen.storyboard */,
				3F4527E521C781FD00FE9991 /* Info.plist */,
			);
			path = "作业十二-1";
			sourceTree = "<group>";
		};
		3F4527F421C7861D00FE9991 /* DB */ = {
			isa = PBXGroup;
			children = (
				3F4527F521C789B500FE9991 /* data.db */,
				3F4527EB21C7858400FE9991 /* SQLiteBase.swift */,
				3F4527ED21C7859C00FE9991 /* SQLiteDB.swift */,
				3F4527EF21C785A300FE9991 /* SQLTable.swift */,
				3F4527F121C785A900FE9991 /* CloudDB.swift */,
				3F4527F321C785AF00FE9991 /* Bridging-Header.h */,
			);
			path = DB;
			sourceTree = "<group>";
		};
/* End PBXGroup section */

/* Begin PBXNativeTarget section */
		3F4527D521C781FC00FE9991 /* 作业十二-1 */ = {
			isa = PBXNativeTarget;
			buildConfigurationList = 3F4527E821C781FD00FE9991 /* Build configuration list for PBXNativeTarget "作业十二-1" */;
			buildPhases = (
				3F4527D221C781FC00FE9991 /* Sources */,
				3F4527D321C781FC00FE9991 /* Frameworks */,
				3F4527D421C781FC00FE9991 /* Resources */,
			);
			buildRules = (
			);
			dependencies = (
			);
			name = "作业十二-1";
			productName = "作业十二-1";
			productReference = 3F4527D621C781FC00FE9991 /* 作业十二-1.app */;
			productType = "com.apple.product-type.application";
		};
/* End PBXNativeTarget section */

/* Begin PBXProject section */
		3F4527CE21C781FC00FE9991 /* Project object */ = {
			isa = PBXProject;
			attributes = {
				LastSwiftUpdateCheck = 1000;
				LastUpgradeCheck = 1000;
				ORGANIZATIONNAME = guoxiaohan;
				TargetAttributes = {
					3F4527D521C781FC00FE9991 = {
						CreatedOnToolsVersion = 10.0;
					};
				};
			};
			buildConfigurationList = 3F4527D121C781FC00FE9991 /* Build configuration list for PBXProject "作业十二-1" */;
			compatibilityVersion = "Xcode 9.3";
			developmentRegion = en;
			hasScannedForEncodings = 0;
			knownRegions = (
				en,
				Base,
			);
			mainGroup = 3F4527CD21C781FC00FE9991;
			productRefGroup = 3F4527D721C781FC00FE9991 /* Products */;
			projectDirPath = "";
			projectRoot = "";
			targets = (
				3F4527D521C781FC00FE9991 /* 作业十二-1 */,
			);
		};
/* End PBXProject section */

/* Begin PBXResourcesBuildPhase section */
		3F4527D421C781FC00FE9991 /* Resources */ = {
			isa = PBXResourcesBuildPhase;
			buildActionMask = 2147483647;
			files = (
				3F4527E421C781FD00FE9991 /* LaunchScreen.storyboard in Resources */,
				3F4527F621C789B500FE9991 /* data.db in Resources */,
				3F4527E121C781FD00FE9991 /* Assets.xcassets in Resources */,
				3F4527DF21C781FC00FE9991 /* Main.storyboard in Resources */,
			);
			runOnlyForDeploymentPostprocessing = 0;
		};
/* End PBXResourcesBuildPhase section */

/* Begin PBXSourcesBuildPhase section */
		3F4527D221C781FC00FE9991 /* Sources */ = {
			isa = PBXSourcesBuildPhase;
			buildActionMask = 2147483647;
			files = (
				3F4527DC21C781FC00FE9991 /* ViewController.swift in Sources */,
				3F4527EE21C7859C00FE9991 /* SQLiteDB.swift in Sources */,
				3F4527EC21C7858400FE9991 /* SQLiteBase.swift in Sources */,
				3F4527DA21C781FC00FE9991 /* AppDelegate.swift in Sources */,
				3F4527F021C785A300FE9991 /* SQLTable.swift in Sources */,
				3F4527F221C785A900FE9991 /* CloudDB.swift in Sources */,
			);
			runOnlyForDeploymentPostprocessing = 0;
		};
/* End PBXSourcesBuildPhase section */

/* Begin PBXVariantGroup section */
		3F4527DD21C781FC00FE9991 /* Main.storyboard */ = {
			isa = PBXVariantGroup;
			children = (
				3F4527DE21C781FC00FE9991 /* Base */,
			);
			name = Main.storyboard;
			sourceTree = "<group>";
		};
		3F4527E221C781FD00FE9991 /* LaunchScreen.storyboard */ = {
			isa = PBXVariantGroup;
			children = (
				3F4527E321C781FD00FE9991 /* Base */,
			);
			name = LaunchScreen.storyboard;
			sourceTree = "<group>";
		};
/* End PBXVariantGroup section */

/* Begin XCBuildConfiguration section */
		3F4527E621C781FD00FE9991 /* Debug */ = {
			isa = XCBuildConfiguration;
			buildSettings = {
				ALWAYS_SEARCH_USER_PATHS = NO;
				CLANG_ANALYZER_NONNULL = YES;
				CLANG_ANALYZER_NUMBER_OBJECT_CONVERSION = YES_AGGRESSIVE;
				CLANG_CXX_LANGUAGE_STANDARD = "gnu++14";
				CLANG_CXX_LIBRARY = "libc++";
				CLANG_ENABLE_MODULES = YES;
				CLANG_ENABLE_OBJC_ARC = YES;
				CLANG_ENABLE_OBJC_WEAK = YES;
				CLANG_WARN_BLOCK_CAPTURE_AUTORELEASING = YES;
				CLANG_WARN_BOOL_CONVERSION = YES;
				CLANG_WARN_COMMA = YES;
				CLANG_WARN_CONSTANT_CONVERSION = YES;
				CLANG_WARN_DEPRECATED_OBJC_IMPLEMENTATIONS = YES;
				CLANG_WARN_DIRECT_OBJC_ISA_USAGE = YES_ERROR;
				CLANG_WARN_DOCUMENTATION_COMMENTS = YES;
				CLANG_WARN_EMPTY_BODY = YES;
				CLANG_WARN_ENUM_CONVERSION = YES;
				CLANG_WARN_INFINITE_RECURSION = YES;
				CLANG_WARN_INT_CONVERSION = YES;
				CLANG_WARN_NON_LITERAL_NULL_CONVERSION = YES;
				CLANG_WARN_OBJC_IMPLICIT_RETAIN_SELF = YES;
				CLANG_WARN_OBJC_LITERAL_CONVERSION = YES;
				CLANG_WARN_OBJC_ROOT_CLASS = YES_ERROR;
				CLANG_WARN_RANGE_LOOP_ANALYSIS = YES;
				CLANG_WARN_STRICT_PROTOTYPES = YES;
				CLANG_WARN_SUSPICIOUS_MOVE = YES;
				CLANG_WARN_UNGUARDED_AVAILABILITY = YES_AGGRESSIVE;
				CLANG_WARN_UNREACHABLE_CODE = YES;
				CLANG_WARN__DUPLICATE_METHOD_MATCH = YES;
				CODE_SIGN_IDENTITY = "iPhone Developer";
				COPY_PHASE_STRIP = NO;
				DEBUG_INFORMATION_FORMAT = dwarf;
				ENABLE_STRICT_OBJC_MSGSEND = YES;
				ENABLE_TESTABILITY = YES;
				GCC_C_LANGUAGE_STANDARD = gnu11;
				GCC_DYNAMIC_NO_PIC = NO;
				GCC_NO_COMMON_BLOCKS = YES;
				GCC_OPTIMIZATION_LEVEL = 0;
				GCC_PREPROCESSOR_DEFINITIONS = (
					"DEBUG=1",
					"$(inherited)",
				);
				GCC_WARN_64_TO_32_BIT_CONVERSION = YES;
				GCC_WARN_ABOUT_RETURN_TYPE = YES_ERROR;
				GCC_WARN_UNDECLARED_SELECTOR = YES;
				GCC_WARN_UNINITIALIZED_AUTOS = YES_AGGRESSIVE;
				GCC_WARN_UNUSED_FUNCTION = YES;
				GCC_WARN_UNUSED_VARIABLE = YES;
				IPHONEOS_DEPLOYMENT_TARGET = 12.0;
				MTL_ENABLE_DEBUG_INFO = INCLUDE_SOURCE;
				MTL_FAST_MATH = YES;
				ONLY_ACTIVE_ARCH = YES;
				SDKROOT = iphoneos;
				SWIFT_ACTIVE_COMPILATION_CONDITIONS = DEBUG;
				SWIFT_OPTIMIZATION_LEVEL = "-Onone";
			};
			name = Debug;
		};
		3F4527E721C781FD00FE9991 /* Release */ = {
			isa = XCBuildConfiguration;
			buildSettings = {
				ALWAYS_SEARCH_USER_PATHS = NO;
				CLANG_ANALYZER_NONNULL = YES;
				CLANG_ANALYZER_NUMBER_OBJECT_CONVERSION = YES_AGGRESSIVE;
				CLANG_CXX_LANGUAGE_STANDARD = "gnu++14";
				CLANG_CXX_LIBRARY = "libc++";
				CLANG_ENABLE_MODULES = YES;
				CLANG_ENABLE_OBJC_ARC = YES;
				CLANG_ENABLE_OBJC_WEAK = YES;
				CLANG_WARN_BLOCK_CAPTURE_AUTORELEASING = YES;
				CLANG_WARN_BOOL_CONVERSION = YES;
				CLANG_WARN_COMMA = YES;
				CLANG_WARN_CONSTANT_CONVERSION = YES;
				CLANG_WARN_DEPRECATED_OBJC_IMPLEMENTATIONS = YES;
				CLANG_WARN_DIRECT_OBJC_ISA_USAGE = YES_ERROR;
				CLANG_WARN_DOCUMENTATION_COMMENTS = YES;
				CLANG_WARN_EMPTY_BODY = YES;
				CLANG_WARN_ENUM_CONVERSION = YES;
				CLANG_WARN_INFINITE_RECURSION = YES;
				CLANG_WARN_INT_CONVERSION = YES;
				CLANG_WARN_NON_LITERAL_NULL_CONVERSION = YES;
				CLANG_WARN_OBJC_IMPLICIT_RETAIN_SELF = YES;
				CLANG_WARN_OBJC_LITERAL_CONVERSION = YES;
				CLANG_WARN_OBJC_ROOT_CLASS = YES_ERROR;
				CLANG_WARN_RANGE_LOOP_ANALYSIS = YES;
				CLANG_WARN_STRICT_PROTOTYPES = YES;
				CLANG_WARN_SUSPICIOUS_MOVE = YES;
				CLANG_WARN_UNGUARDED_AVAILABILITY = YES_AGGRESSIVE;
				CLANG_WARN_UNREACHABLE_CODE = YES;
				CLANG_WARN__DUPLICATE_METHOD_MATCH = YES;
				CODE_SIGN_IDENTITY = "iPhone Developer";
				COPY_PHASE_STRIP = NO;
				DEBUG_INFORMATION_FORMAT = "dwarf-with-dsym";
				ENABLE_NS_ASSERTIONS = NO;
				ENABLE_STRICT_OBJC_MSGSEND = YES;
				GCC_C_LANGUAGE_STANDARD = gnu11;
				GCC_NO_COMMON_BLOCKS = YES;
				GCC_WARN_64_TO_32_BIT_CONVERSION = YES;
				GCC_WARN_ABOUT_RETURN_TYPE = YES_ERROR;
				GCC_WARN_UNDECLARED_SELECTOR = YES;
				GCC_WARN_UNINITIALIZED_AUTOS = YES_AGGRESSIVE;
				GCC_WARN_UNUSED_FUNCTION = YES;
				GCC_WARN_UNUSED_VARIABLE = YES;
				IPHONEOS_DEPLOYMENT_TARGET = 12.0;
				MTL_ENABLE_DEBUG_INFO = NO;
				MTL_FAST_MATH = YES;
				SDKROOT = iphoneos;
				SWIFT_COMPILATION_MODE = wholemodule;
				SWIFT_OPTIMIZATION_LEVEL = "-O";
				VALIDATE_PRODUCT = YES;
			};
			name = Release;
		};
		3F4527E921C781FD00FE9991 /* Debug */ = {
			isa = XCBuildConfiguration;
			buildSettings = {
				ASSETCATALOG_COMPILER_APPICON_NAME = AppIcon;
				CODE_SIGN_STYLE = Automatic;
				INFOPLIST_FILE = "作业十二-1/Info.plist";
				LD_RUNPATH_SEARCH_PATHS = (
					"$(inherited)",
					"@executable_path/Frameworks",
				);
				PRODUCT_BUNDLE_IDENTIFIER = "-016110307.-----1";
				PRODUCT_NAME = "$(TARGET_NAME)";
				SWIFT_OBJC_BRIDGING_HEADER = "作业十二-1/DB/Bridging-Header.h";
				SWIFT_VERSION = 4.2;
				TARGETED_DEVICE_FAMILY = "1,2";
			};
			name = Debug;
		};
		3F4527EA21C781FD00FE9991 /* Release */ = {
			isa = XCBuildConfiguration;
			buildSettings = {
				ASSETCATALOG_COMPILER_APPICON_NAME = AppIcon;
				CODE_SIGN_STYLE = Automatic;
				INFOPLIST_FILE = "作业十二-1/Info.plist";
				LD_RUNPATH_SEARCH_PATHS = (
					"$(inherited)",
					"@executable_path/Frameworks",
				);
				PRODUCT_BUNDLE_IDENTIFIER = "-016110307.-----1";
				PRODUCT_NAME = "$(TARGET_NAME)";
				SWIFT_OBJC_BRIDGING_HEADER = "作业十二-1/DB/Bridging-Header.h";
				SWIFT_VERSION = 4.2;
				TARGETED_DEVICE_FAMILY = "1,2";
			};
			name = Release;
		};
/* End XCBuildConfiguration section */

/* Begin XCConfigurationList section */
		3F4527D121C781FC00FE9991 /* Build configuration list for PBXProject "作业十二-1" */ = {
			isa = XCConfigurationList;
			buildConfigurations = (
				3F4527E621C781FD00FE9991 /* Debug */,
				3F4527E721C781FD00FE9991 /* Release */,
			);
			defaultConfigurationIsVisible = 0;
			defaultConfigurationName = Release;
		};
		3F4527E821C781FD00FE9991 /* Build configuration list for PBXNativeTarget "作业十二-1" */ = {
			isa = XCConfigurationList;
			buildConfigurations = (
				3F4527E921C781FD00FE9991 /* Debug */,
				3F4527EA21C781FD00FE9991 /* Release */,
			);
			defaultConfigurationIsVisible = 0;
			defaultConfigurationName = Release;
		};
/* End XCConfigurationList section */
	};
	rootObject = 3F4527CE21C781FC00FE9991 /* Project object */;
}
